
Microsoft Visual Studio Solution File, Format Version 12.00
# Visual Studio 2013
VisualStudioVersion = 12.0.31101.0
MinimumVisualStudioVersion = 10.0.40219.1
Project("{FAE04EC0-301F-11D3-BF4B-00C04F79EFBC}") = "Windows", "Windows\Windows.csproj", "{8E674D22-C95B-4CA4-90AB-D1CC0E5A1250}"
EndProject
Project("{FAE04EC0-301F-11D3-BF4B-00C04F79EFBC}") = "Web.Services", "Web.Services\Web.Services.csproj", "{80F86CFE-AC3D-4109-A58D-0C23D1B79B17}"
EndProject
Project("{FAE04EC0-301F-11D3-BF4B-00C04F79EFBC}") = "Wpf", "Wpf\Wpf.csproj", "{A71DA0F2-92A3-433A-A05C-F1DEE631AB3C}"
EndProject
Global
	GlobalSection(SolutionConfigurationPlatforms) = preSolution
		Debug|Any CPU = Debug|Any CPU
		Release|Any CPU = Release|Any CPU
	EndGlobalSection
	GlobalSection(ProjectConfigurationPlatforms) = postSolution
		{8E674D22-C95B-4CA4-90AB-D1CC0E5A1250}.Debug|Any CPU.ActiveCfg = Debug|Any CPU
		{8E674D22-C95B-4CA4-90AB-D1CC0E5A1250}.Debug|Any CPU.Build.0 = Debug|Any CPU
		{8E674D22-C95B-4CA4-90AB-D1CC0E5A1250}.Release|Any CPU.ActiveCfg = Release|Any CPU
		{8E674D22-C95B-4CA4-90AB-D1CC0E5A1250}.Release|Any CPU.Build.0 = Release|Any CPU
		{80F86CFE-AC3D-4109-A58D-0C23D1B79B17}.Debug|Any CPU.ActiveCfg = Debug|Any CPU
		{80F86CFE-AC3D-4109-A58D-0C23D1B79B17}.Debug|Any CPU.Build.0 = Debug|Any CPU
		{80F86CFE-AC3D-4109-A58D-0C23D1B79B17}.Release|Any CPU.ActiveCfg = Release|Any CPU
		{80F86CFE-AC3D-4109-A58D-0C23D1B79B17}.Release|Any CPU.Build.0 = Release|Any CPU
		{A71DA0F2-92A3-433A-A05C-F1DEE631AB3C}.Debug|Any CPU.ActiveCfg = Debug|Any CPU
		{A71DA0F2-92A3-433A-A05C-F1DEE631AB3C}.Debug|Any CPU.Build.0 = Debug|Any CPU
		{A71DA0F2-92A3-433A-A05C-F1DEE631AB3C}.Release|Any CPU.ActiveCfg = Release|Any CPU
		{A71DA0F2-92A3-433A-A05C-F1DEE631AB3C}.Release|Any CPU.Build.0 = Release|Any CPU
	EndGlobalSection
	GlobalSection(SolutionProperties) = preSolution
		HideSolutionNode = FALSE
	EndGlobalSection
EndGlobal
